
Microsoft Visual Studio Solution File, Format Version 12.00
# Visual Studio 15
VisualStudioVersion = 15.0.26403.3
MinimumVisualStudioVersion = 10.0.40219.1
Project("{FAE04EC0-301F-11D3-BF4B-00C04F79EFBC}") = "WPFChat", "WPFChat\WPFChat.csproj", "{43E3DD82-1056-43C3-9767-D94963880CAF}"
EndProject
Project("{FAE04EC0-301F-11D3-BF4B-00C04F79EFBC}") = "MessageLibrary", "MessageLibrary\MessageLibrary.csproj", "{937375DB-79B0-4498-B71D-C85551D9F013}"
EndProject
Project("{FAE04EC0-301F-11D3-BF4B-00C04F79EFBC}") = "ChatServer", "ChatServer\ChatServer.csproj", "{F00773B5-4297-45A7-A131-47F742F02FE3}"
EndProject
Global
	GlobalSection(SolutionConfigurationPlatforms) = preSolution
		Debug|Any CPU = Debug|Any CPU
		Release|Any CPU = Release|Any CPU
	EndGlobalSection
	GlobalSection(ProjectConfigurationPlatforms) = postSolution
		{43E3DD82-1056-43C3-9767-D94963880CAF}.Debug|Any CPU.ActiveCfg = Debug|Any CPU
		{43E3DD82-1056-43C3-9767-D94963880CAF}.Debug|Any CPU.Build.0 = Debug|Any CPU
		{43E3DD82-1056-43C3-9767-D94963880CAF}.Release|Any CPU.ActiveCfg = Release|Any CPU
		{43E3DD82-1056-43C3-9767-D94963880CAF}.Release|Any CPU.Build.0 = Release|Any CPU
		{937375DB-79B0-4498-B71D-C85551D9F013}.Debug|Any CPU.ActiveCfg = Debug|Any CPU
		{937375DB-79B0-4498-B71D-C85551D9F013}.Debug|Any CPU.Build.0 = Debug|Any CPU
		{937375DB-79B0-4498-B71D-C85551D9F013}.Release|Any CPU.ActiveCfg = Release|Any CPU
		{937375DB-79B0-4498-B71D-C85551D9F013}.Release|Any CPU.Build.0 = Release|Any CPU
		{F00773B5-4297-45A7-A131-47F742F02FE3}.Debug|Any CPU.ActiveCfg = Debug|Any CPU
		{F00773B5-4297-45A7-A131-47F742F02FE3}.Debug|Any CPU.Build.0 = Debug|Any CPU
		{F00773B5-4297-45A7-A131-47F742F02FE3}.Release|Any CPU.ActiveCfg = Release|Any CPU
		{F00773B5-4297-45A7-A131-47F742F02FE3}.Release|Any CPU.Build.0 = Release|Any CPU
	EndGlobalSection
	GlobalSection(SolutionProperties) = preSolution
		HideSolutionNode = FALSE
	EndGlobalSection
EndGlobal
